{
  "name": "agent-intent-executor",
  "lockfileVersion": 3,
  "requires": true,
  "packages": {
    "": {
      "name": "agent-intent-executor",
      "devDependencies": {
        "@foundry-rs/anvil": "1.7.1",
        "@foundry-rs/forge": "1.7.1",
        "@openzeppelin/contracts": "5.4.0",
        "ethers": "6.17.0"
      },
      "engines": {
        "node": ">=20.20.2"
      }
    },
    "node_modules/@adraffy/ens-normalize": {
      "version": "1.11.1",
      "resolved": "https://registry.npmjs.org/@adraffy/ens-normalize/-/ens-normalize-1.11.1.tgz",
      "integrity": "sha512-nhCBV3quEgesuf7c7KYfperqSS14T8bYuvJ8PcLJp6znkZpFc0AuW4qBtr8eKVyPPe/8RSr7sglCWPU5eaxwKQ==",
      "dev": true,
      "license": "MIT"
    },
    "node_modules/@foundry-rs/anvil": {
      "version": "1.7.1",
      "resolved": "https://registry.npmjs.org/@foundry-rs/anvil/-/anvil-1.7.1.tgz",
      "integrity": "sha512-rcy+hu8e90DNizfh5WpbJjMiadgDBtV3JHe2M6OsdmIzoDH77Gk0sVgNxr7LnBiKpkzt6pV2XEOI7XMXmJo1Kg==",
      "dev": true,
      "hasInstallScript": true,
      "license": "MIT OR Apache-2.0",
      "bin": {
        "anvil": "bin.mjs"
      },
      "optionalDependencies": {
        "@foundry-rs/anvil-darwin-amd64": "1.7.1",
        "@foundry-rs/anvil-darwin-arm64": "1.7.1",
        "@foundry-rs/anvil-linux-amd64": "1.7.1",
        "@foundry-rs/anvil-linux-arm64": "1.7.1",
        "@foundry-rs/anvil-win32-amd64": "1.7.1"
      }
    },
    "node_modules/@foundry-rs/anvil-darwin-amd64": {
      "version": "1.7.1",
      "resolved": "https://registry.npmjs.org/@foundry-rs/anvil-darwin-amd64/-/anvil-darwin-amd64-1.7.1.tgz",
      "integrity": "sha512-OgwzwY+FsGrsPyDv4mmbhOwARO8s37YHrm2qaNzgSH4VlKnXgJCrnoT7bpgOhLyBPtxXjBT8L2E3b79deesXRg==",
      "cpu": [
        "x64"
      ],
      "dev": true,
      "license": "MIT OR Apache-2.0",
      "optional": true,
      "os": [
        "darwin"
      ],
      "bin": {
        "anvil": "bin/anvil"
      },
      "engines": {
        "node": ">=20"
      }
    },
    "node_modules/@foundry-rs/anvil-darwin-arm64": {
      "version": "1.7.1",
      "resolved": "https://registry.npmjs.org/@foundry-rs/anvil-darwin-arm64/-/anvil-darwin-arm64-1.7.1.tgz",
      "integrity": "sha512-JNeu3+A3f/npXLn8SR8EahVcqE7BpO9VQZMcPvSIy27/RNc1GsoEBvSLR99aSvt8sGKWAgNg/EzrtjAPq6mxcA==",
      "cpu": [
        "arm64"
      ],
      "dev": true,
      "license": "MIT OR Apache-2.0",
      "optional": true,
      "os": [
        "darwin"
      ],
      "bin": {
        "anvil": "bin/anvil"
      },
      "engines": {
        "node": ">=20"
      }
    },
    "node_modules/@foundry-rs/anvil-linux-amd64": {
      "version": "1.7.1",
      "resolved": "https://registry.npmjs.org/@foundry-rs/anvil-linux-amd64/-/anvil-linux-amd64-1.7.1.tgz",
      "integrity": "sha512-+XmShybEaxfCrr0OUUZwYEy2OnYZt5pHH9TzBtLv3+VrK0O/ANuNSVEahqNhKHlgX7GRJ59383ofNhxkRWIYTg==",
      "cpu": [
        "x64"
      ],
      "dev": true,
      "license": "MIT OR Apache-2.0",
      "optional": true,
      "os": [
        "linux"
      ],
      "bin": {
        "anvil": "bin/anvil"
      },
      "engines": {
        "node": ">=20"
      }
    },
    "node_modules/@foundry-rs/anvil-linux-arm64": {
      "version": "1.7.1",
      "resolved": "https://registry.npmjs.org/@foundry-rs/anvil-linux-arm64/-/anvil-linux-arm64-1.7.1.tgz",
      "integrity": "sha512-ykHJmFOGdBR8+9smOKBm9ZZDCCCkLQctiHOAddLvmYx9mPeBDMfq6jP51hKYsO5MG8ClPLSlWe+JpiXPjoXgBQ==",
      "cpu": [
        "arm64"
      ],
      "dev": true,
      "license": "MIT OR Apache-2.0",
      "optional": true,
      "os": [
        "linux"
      ],
      "bin": {
        "anvil": "bin/anvil"
      },
      "engines": {
        "node": ">=20"
      }
    },
    "node_modules/@foundry-rs/anvil-win32-amd64": {
      "version": "1.7.1",
      "resolved": "https://registry.npmjs.org/@foundry-rs/anvil-win32-amd64/-/anvil-win32-amd64-1.7.1.tgz",
      "integrity": "sha512-IeuBcmQ+AQKUxXA77czSVIfpST+KLBdXaL71JlK/h6e0DoP2CYnmVZn8WE/fuQfjAU2zaWw7PDXmq1kedbIUGA==",
      "cpu": [
        "x64"
      ],
      "dev": true,
      "license": "MIT OR Apache-2.0",
      "optional": true,
      "os": [
        "win32"
      ],
      "bin": {
        "anvil": "bin/anvil.exe"
      },
      "engines": {
        "node": ">=20"
      }
    },
    "node_modules/@foundry-rs/forge": {
      "version": "1.7.1",
      "resolved": "https://registry.npmjs.org/@foundry-rs/forge/-/forge-1.7.1.tgz",
      "integrity": "sha512-ji244KYCP15RTaHg/V3VpTarX+8Tl7qm54B8laVeabbUMKhsJI5QK28gh5fbTxndB7tdsnbliwdrx/FwAXzEoA==",
      "dev": true,
      "hasInstallScript": true,
      "license": "MIT OR Apache-2.0",
      "bin": {
        "forge": "bin.mjs"
      },
      "optionalDependencies": {
        "@foundry-rs/forge-darwin-amd64": "1.7.1",
        "@foundry-rs/forge-darwin-arm64": "1.7.1",
        "@foundry-rs/forge-linux-amd64": "1.7.1",
        "@foundry-rs/forge-linux-arm64": "1.7.1",
        "@foundry-rs/forge-win32-amd64": "1.7.1"
      }
    },
    "node_modules/@foundry-rs/forge-darwin-amd64": {
      "version": "1.7.1",
      "resolved": "https://registry.npmjs.org/@foundry-rs/forge-darwin-amd64/-/forge-darwin-amd64-1.7.1.tgz",
      "integrity": "sha512-0P18bZyXiCJ5YJMQ+FgOE3WToqt7qBp8eyeBWFAIHX79hwN8RWtvdBWJ6ZcYH14lWZVuN8oYi8Wkth/t3jAa8g==",
      "cpu": [
        "x64"
      ],
      "dev": true,
      "license": "MIT OR Apache-2.0",
      "optional": true,
      "os": [
        "darwin"
      ],
      "bin": {
        "forge": "bin/forge"
      },
      "engines": {
        "node": ">=20"
      }
    },
    "node_modules/@foundry-rs/forge-darwin-arm64": {
      "version": "1.7.1",
      "resolved": "https://registry.npmjs.org/@foundry-rs/forge-darwin-arm64/-/forge-darwin-arm64-1.7.1.tgz",
      "integrity": "sha512-PwvdcKxniBoIic163Gw8t7rIOfE8ZfV2mCM2WOXnGdsUbCJRvkqCWq4qidkUORbibhfiRTyw3991hMFL8/qEfw==",
      "cpu": [
        "arm64"
      ],
      "dev": true,
      "license": "MIT OR Apache-2.0",
      "optional": true,
      "os": [
        "darwin"
      ],
      "bin": {
        "forge": "bin/forge"
      },
      "engines": {
        "node": ">=20"
      }
    },
    "node_modules/@foundry-rs/forge-linux-amd64": {
      "version": "1.7.1",
      "resolved": "https://registry.npmjs.org/@foundry-rs/forge-linux-amd64/-/forge-linux-amd64-1.7.1.tgz",
      "integrity": "sha512-/HQddyTanVOJKgvilmZrf8VOf7mhvwrWb59W73w5W5flX7b6zNh9CR6hKZzJwiRRi5Sxk/JOFEYIeKsQx7Teqg==",
      "cpu": [
        "x64"
      ],
      "dev": true,
      "license": "MIT OR Apache-2.0",
      "optional": true,
      "os": [
        "linux"
      ],
      "bin": {
        "forge": "bin/forge"
      },
      "engines": {
        "node": ">=20"
      }
    },
    "node_modules/@foundry-rs/forge-linux-arm64": {
      "version": "1.7.1",
      "resolved": "https://registry.npmjs.org/@foundry-rs/forge-linux-arm64/-/forge-linux-arm64-1.7.1.tgz",
      "integrity": "sha512-jt+6H8AWHauP8kP+miMKJkMjC6UCHm6NRjO5D+5ca416o6iJGPURNs+Nlb0WWnb1gaCj7sXUZqpxH73Ub+YBWg==",
      "cpu": [
        "arm64"
      ],
      "dev": true,
      "license": "MIT OR Apache-2.0",
      "optional": true,
      "os": [
        "linux"
      ],
      "bin": {
        "forge": "bin/forge"
      },
      "engines": {
        "node": ">=20"
      }
    },
    "node_modules/@foundry-rs/forge-win32-amd64": {
      "version": "1.7.1",
      "resolved": "https://registry.npmjs.org/@foundry-rs/forge-win32-amd64/-/forge-win32-amd64-1.7.1.tgz",
      "integrity": "sha512-WK+gWWlWYpgrsrKcle4hzV5k5TPoVE8acsnNnmckQhvcbcZBG2VukpkqFCJgOpPX1xuSYtskHTIhJbCx1w854w==",
      "cpu": [
        "x64"
      ],
      "dev": true,
      "license": "MIT OR Apache-2.0",
      "optional": true,
      "os": [
        "win32"
      ],
      "bin": {
        "forge": "bin/forge.exe"
      },
      "engines": {
        "node": ">=20"
      }
    },
    "node_modules/@noble/curves": {
      "version": "1.2.0",
      "resolved": "https://registry.npmjs.org/@noble/curves/-/curves-1.2.0.tgz",
      "integrity": "sha512-oYclrNgRaM9SsBUBVbb8M6DTV7ZHRTKugureoYEncY5c65HOmRzvSiTE3y5CYaPYJA/GVkrhXEoF0M3Ya9PMnw==",
      "dev": true,
      "license": "MIT",
      "dependencies": {
        "@noble/hashes": "1.3.2"
      },
      "funding": {
        "url": "https://paulmillr.com/funding/"
      }
    },
    "node_modules/@noble/hashes": {
      "version": "1.3.2",
      "resolved": "https://registry.npmjs.org/@noble/hashes/-/hashes-1.3.2.tgz",
      "integrity": "sha512-MVC8EAQp7MvEcm30KWENFjgR+Mkmf+D189XJTkFIlwohU5hcBbn1ZkKq7KVTi2Hme3PMGF390DaL52beVrIihQ==",
      "dev": true,
      "license": "MIT",
      "engines": {
        "node": ">= 16"
      },
      "funding": {
        "url": "https://paulmillr.com/funding/"
      }
    },
    "node_modules/@openzeppelin/contracts": {
      "version": "5.4.0",
      "resolved": "https://registry.npmjs.org/@openzeppelin/contracts/-/contracts-5.4.0.tgz",
      "integrity": "sha512-eCYgWnLg6WO+X52I16TZt8uEjbtdkgLC0SUX/xnAksjjrQI4Xfn4iBRoI5j55dmlOhDv1Y7BoR3cU7e3WWhC6A==",
      "dev": true,
      "license": "MIT"
    },
    "node_modules/@types/node": {
      "version": "22.7.5",
      "resolved": "https://registry.npmjs.org/@types/node/-/node-22.7.5.tgz",
      "integrity": "sha512-jML7s2NAzMWc//QSJ1a3prpk78cOPchGvXJsC3C6R6PSMoooztvRVQEz89gmBTBY1SPMaqo5teB4uNHPdetShQ==",
      "dev": true,
      "license": "MIT",
      "dependencies": {
        "undici-types": "~6.19.2"
      }
    },
    "node_modules/aes-js": {
      "version": "4.0.0-beta.5",
      "resolved": "https://registry.npmjs.org/aes-js/-/aes-js-4.0.0-beta.5.tgz",
      "integrity": "sha512-G965FqalsNyrPqgEGON7nIx1e/OVENSgiEIzyC63haUMuvNnwIgIjMs52hlTCKhkBny7A2ORNlfY9Zu+jmGk1Q==",
      "dev": true,
      "license": "MIT"
    },
    "node_modules/ethers": {
      "version": "6.17.0",
      "resolved": "https://registry.npmjs.org/ethers/-/ethers-6.17.0.tgz",
      "integrity": "sha512-BpyrpIPJ3ydEVow8zGaz1DuPS7YU8DcWxuBnY9a0UA/lvAPwrMr+EPXsfrul628SRaekPNeIM4UFh/91GWZang==",
      "dev": true,
      "funding": [
        {
          "type": "individual",
          "url": "https://github.com/sponsors/ethers-io/"
        },
        {
          "type": "individual",
          "url": "https://www.buymeacoffee.com/ricmoo"
        }
      ],
      "license": "MIT",
      "dependencies": {
        "@adraffy/ens-normalize": "1.11.1",
        "@noble/curves": "1.2.0",
        "@noble/hashes": "1.3.2",
        "@types/node": "22.7.5",
        "aes-js": "4.0.0-beta.5",
        "tslib": "2.7.0",
        "ws": "8.21.0"
      },
      "engines": {
        "node": ">=14.0.0"
      }
    },
    "node_modules/tslib": {
      "version": "2.7.0",
      "resolved": "https://registry.npmjs.org/tslib/-/tslib-2.7.0.tgz",
      "integrity": "sha512-gLXCKdN1/j47AiHiOkJN69hJmcbGTHI0ImLmbYLHykhgeN0jVGola9yVjFgzCUklsZQMW55o+dW7IXv3RCXDzA==",
      "dev": true,
      "license": "0BSD"
    },
    "node_modules/undici-types": {
      "version": "6.19.8",
      "resolved": "https://registry.npmjs.org/undici-types/-/undici-types-6.19.8.tgz",
      "integrity": "sha512-ve2KP6f/JnbPBFyobGHuerC9g1FYGn/F8n1LWTwNxCEzd6IfqTwUQcNXgEtmmQ6DlRrC1hrSrBnCZPokRrDHjw==",
      "dev": true,
      "license": "MIT"
    },
    "node_modules/ws": {
      "version": "8.21.0",
      "resolved": "https://registry.npmjs.org/ws/-/ws-8.21.0.tgz",
      "integrity": "sha512-Vsp28b7DRcimFQvrqu2Wek3z1iYxDCWqHYB8Qsnk/S4RfaCQzPGPyBNuVjJV3cd6UiKtUtp6sNM77gWvzcCH+g==",
      "dev": true,
      "license": "MIT",
      "engines": {
        "node": ">=10.0.0"
      },
      "peerDependencies": {
        "bufferutil": "^4.0.1",
        "utf-8-validate": ">=5.0.2"
      },
      "peerDependenciesMeta": {
        "bufferutil": {
          "optional": true
        },
        "utf-8-validate": {
          "optional": true
        }
      }
    }
  }
}
